// !$*UTF8*$!
{
	archiveVersion = 1;
	classes = {
	};
	objectVersion = 48;
	objects = {

/* Begin PBXBuildFile section */
		DA20EFA01F9C555A003F600F /* PreviewView.m in Sources */ = {isa = PBXBuildFile; fileRef = DA20EF9F1F9C555A003F600F /* PreviewView.m */; };
		DAD89C711F96F18700298F08 /* AppDelegate.m in Sources */ = {isa = PBXBuildFile; fileRef = DAD89C701F96F18700298F08 /* AppDelegate.m */; };
		DAD89C741F96F18700298F08 /* ViewController.m in Sources */ = {isa = PBXBuildFile; fileRef = DAD89C731F96F18700298F08 /* ViewController.m */; };
		DAD89C771F96F18700298F08 /* Main.storyboard in Resources */ = {isa = PBXBuildFile; fileRef = DAD89C751F96F18700298F08 /* Main.storyboard */; };
		DAD89C791F96F18700298F08 /* Assets.xcassets in Resources */ = {isa = PBXBuildFile; fileRef = DAD89C781F96F18700298F08 /* Assets.xcassets */; };
		DAD89C7C1F96F18700298F08 /* LaunchScreen.storyboard in Resources */ = {isa = PBXBuildFile; fileRef = DAD89C7A1F96F18700298F08 /* LaunchScreen.storyboard */; };
		DAD89C7F1F96F18700298F08 /* main.m in Sources */ = {isa = PBXBuildFile; fileRef = DAD89C7E1F96F18700298F08 /* main.m */; };
/* End PBXBuildFile section */

/* Begin PBXFileReference section */
		DA20EF9E1F9C555A003F600F /* PreviewView.h */ = {isa = PBXFileReference; lastKnownFileType = sourcecode.c.h; path = PreviewView.h; sourceTree = "<group>"; };
		DA20EF9F1F9C555A003F600F /* PreviewView.m */ = {isa = PBXFileReference; lastKnownFileType = sourcecode.c.objc; path = PreviewView.m; sourceTree = "<group>"; };
		DAD89C6C1F96F18700298F08 /* SourceCapture.app */ = {isa = PBXFileReference; explicitFileType = wrapper.application; includeInIndex = 0; path = SourceCapture.app; sourceTree = BUILT_PRODUCTS_DIR; };
		DAD89C6F1F96F18700298F08 /* AppDelegate.h */ = {isa = PBXFileReference; lastKnownFileType = sourcecode.c.h; path = AppDelegate.h; sourceTree = "<group>"; };
		DAD89C701F96F18700298F08 /* AppDelegate.m */ = {isa = PBXFileReference; lastKnownFileType = sourcecode.c.objc; path = AppDelegate.m; sourceTree = "<group>"; };
		DAD89C721F96F18700298F08 /* ViewController.h */ = {isa = PBXFileReference; lastKnownFileType = sourcecode.c.h; path = ViewController.h; sourceTree = "<group>"; };
		DAD89C731F96F18700298F08 /* ViewController.m */ = {isa = PBXFileReference; lastKnownFileType = sourcecode.c.objc; path = ViewController.m; sourceTree = "<group>"; };
		DAD89C761F96F18700298F08 /* Base */ = {isa = PBXFileReference; lastKnownFileType = file.storyboard; name = Base; path = Base.lproj/Main.storyboard; sourceTree = "<group>"; };
		DAD89C781F96F18700298F08 /* Assets.xcassets */ = {isa = PBXFileReference; lastKnownFileType = folder.assetcatalog; path = Assets.xcassets; sourceTree = "<group>"; };
		DAD89C7B1F96F18700298F08 /* Base */ = {isa = PBXFileReference; lastKnownFileType = file.storyboard; name = Base; path = Base.lproj/LaunchScreen.storyboard; sourceTree = "<group>"; };
		DAD89C7D1F96F18700298F08 /* Info.plist */ = {isa = PBXFileReference; lastKnownFileType = text.plist.xml; path = Info.plist; sourceTree = "<group>"; };
		DAD89C7E1F96F18700298F08 /* main.m */ = {isa = PBXFileReference; lastKnownFileType = sourcecode.c.objc; path = main.m; sourceTree = "<group>"; };
/* End PBXFileReference section */

/* Begin PBXFrameworksBuildPhase section */
		DAD89C691F96F18700298F08 /* Frameworks */ = {
			isa = PBXFrameworksBuildPhase;
			buildActionMask = 2147483647;
			files = (
			);
			runOnlyForDeploymentPostprocessing = 0;
		};
/* End PBXFrameworksBuildPhase section */

/* Begin PBXGroup section */
		DAD89C631F96F18700298F08 = {
			isa = PBXGroup;
			children = (
				DAD89C6E1F96F18700298F08 /* SourceCapture */,
				DAD89C6D1F96F18700298F08 /* Products */,
			);
			sourceTree = "<group>";
		};
		DAD89C6D1F96F18700298F08 /* Products */ = {
			isa = PBXGroup;
			children = (
				DAD89C6C1F96F18700298F08 /* SourceCapture.app */,
			);
			name = Products;
			sourceTree = "<group>";
		};
		DAD89C6E1F96F18700298F08 /* SourceCapture */ = {
			isa = PBXGroup;
			children = (
				DAD89C6F1F96F18700298F08 /* AppDelegate.h */,
				DAD89C701F96F18700298F08 /* AppDelegate.m */,
				DA20EF9E1F9C555A003F600F /* PreviewView.h */,
				DA20EF9F1F9C555A003F600F /* PreviewView.m */,
				DAD89C721F96F18700298F08 /* ViewController.h */,
				DAD89C731F96F18700298F08 /* ViewController.m */,
				DAD89C751F96F18700298F08 /* Main.storyboard */,
				DAD89C781F96F18700298F08 /* Assets.xcassets */,
				DAD89C7A1F96F18700298F08 /* LaunchScreen.storyboard */,
				DAD89C7D1F96F18700298F08 /* Info.plist */,
				DAD89C7E1F96F18700298F08 /* main.m */,
			);
			path = SourceCapture;
			sourceTree = "<group>";
		};
/* End PBXGroup section */

/* Begin PBXNativeTarget section */
		DAD89C6B1F96F18700298F08 /* SourceCapture */ = {
			isa = PBXNativeTarget;
			buildConfigurationList = DAD89C821F96F18700298F08 /* Build configuration list for PBXNativeTarget "SourceCapture" */;
			buildPhases = (
				DAD89C681F96F18700298F08 /* Sources */,
				DAD89C691F96F18700298F08 /* Frameworks */,
				DAD89C6A1F96F18700298F08 /* Resources */,
			);
			buildRules = (
			);
			dependencies = (
			);
			name = SourceCapture;
			productName = SourceCapture;
			productReference = DAD89C6C1F96F18700298F08 /* SourceCapture.app */;
			productType = "com.apple.product-type.application";
		};
/* End PBXNativeTarget section */

/* Begin PBXProject section */
		DAD89C641F96F18700298F08 /* Project object */ = {
			isa = PBXProject;
			attributes = {
				LastUpgradeCheck = 0900;
				ORGANIZATIONNAME = sonirock;
				TargetAttributes = {
					DAD89C6B1F96F18700298F08 = {
						CreatedOnToolsVersion = 9.0;
						ProvisioningStyle = Automatic;
					};
				};
			};
			buildConfigurationList = DAD89C671F96F18700298F08 /* Build configuration list for PBXProject "SourceCapture" */;
			compatibilityVersion = "Xcode 8.0";
			developmentRegion = en;
			hasScannedForEncodings = 0;
			knownRegions = (
				en,
				Base,
			);
			mainGroup = DAD89C631F96F18700298F08;
			productRefGroup = DAD89C6D1F96F18700298F08 /* Products */;
			projectDirPath = "";
			projectRoot = "";
			targets = (
				DAD89C6B1F96F18700298F08 /* SourceCapture */,
			);
		};
/* End PBXProject section */

/* Begin PBXResourcesBuildPhase section */
		DAD89C6A1F96F18700298F08 /* Resources */ = {
			isa = PBXResourcesBuildPhase;
			buildActionMask = 2147483647;
			files = (
				DAD89C7C1F96F18700298F08 /* LaunchScreen.storyboard in Resources */,
				DAD89C791F96F18700298F08 /* Assets.xcassets in Resources */,
				DAD89C771F96F18700298F08 /* Main.storyboard in Resources */,
			);
			runOnlyForDeploymentPostprocessing = 0;
		};
/* End PBXResourcesBuildPhase section */

/* Begin PBXSourcesBuildPhase section */
		DAD89C681F96F18700298F08 /* Sources */ = {
			isa = PBXSourcesBuildPhase;
			buildActionMask = 2147483647;
			files = (
				DAD89C741F96F18700298F08 /* ViewController.m in Sources */,
				DA20EFA01F9C555A003F600F /* PreviewView.m in Sources */,
				DAD89C7F1F96F18700298F08 /* main.m in Sources */,
				DAD89C711F96F18700298F08 /* AppDelegate.m in Sources */,
			);
			runOnlyForDeploymentPostprocessing = 0;
		};
/* End PBXSourcesBuildPhase section */

/* Begin PBXVariantGroup section */
		DAD89C751F96F18700298F08 /* Main.storyboard */ = {
			isa = PBXVariantGroup;
			children = (
				DAD89C761F96F18700298F08 /* Base */,
			);
			name = Main.storyboard;
			sourceTree = "<group>";
		};
		DAD89C7A1F96F18700298F08 /* LaunchScreen.storyboard */ = {
			isa = PBXVariantGroup;
			children = (
				DAD89C7B1F96F18700298F08 /* Base */,
			);
			name = LaunchScreen.storyboard;
			sourceTree = "<group>";
		};
/* End PBXVariantGroup section */

/* Begin XCBuildConfiguration section */
		DAD89C801F96F18700298F08 /* Debug */ = {
			isa = XCBuildConfiguration;
			buildSettings = {
				ALWAYS_SEARCH_USER_PATHS = NO;
				CLANG_ANALYZER_NONNULL = YES;
				CLANG_ANALYZER_NUMBER_OBJECT_CONVERSION = YES_AGGRESSIVE;
				CLANG_CXX_LANGUAGE_STANDARD = "gnu++14";
				CLANG_CXX_LIBRARY = "libc++";
				CLANG_ENABLE_MODULES = YES;
				CLANG_ENABLE_OBJC_ARC = YES;
				CLANG_WARN_BLOCK_CAPTURE_AUTORELEASING = YES;
				CLANG_WARN_BOOL_CONVERSION = YES;
				CLANG_WARN_COMMA = YES;
				CLANG_WARN_CONSTANT_CONVERSION = YES;
				CLANG_WARN_DIRECT_OBJC_ISA_USAGE = YES_ERROR;
				CLANG_WARN_DOCUMENTATION_COMMENTS = YES;
				CLANG_WARN_EMPTY_BODY = YES;
				CLANG_WARN_ENUM_CONVERSION = YES;
				CLANG_WARN_INFINITE_RECURSION = YES;
				CLANG_WARN_INT_CONVERSION = YES;
				CLANG_WARN_NON_LITERAL_NULL_CONVERSION = YES;
				CLANG_WARN_OBJC_LITERAL_CONVERSION = YES;
				CLANG_WARN_OBJC_ROOT_CLASS = YES_ERROR;
				CLANG_WARN_RANGE_LOOP_ANALYSIS = YES;
				CLANG_WARN_STRICT_PROTOTYPES = YES;
				CLANG_WARN_SUSPICIOUS_MOVE = YES;
				CLANG_WARN_UNGUARDED_AVAILABILITY = YES_AGGRESSIVE;
				CLANG_WARN_UNREACHABLE_CODE = YES;
				CLANG_WARN__DUPLICATE_METHOD_MATCH = YES;
				CODE_SIGN_IDENTITY = "iPhone Developer";
				COPY_PHASE_STRIP = NO;
				DEBUG_INFORMATION_FORMAT = dwarf;
				ENABLE_STRICT_OBJC_MSGSEND = YES;
				ENABLE_TESTABILITY = YES;
				GCC_C_LANGUAGE_STANDARD = gnu11;
				GCC_DYNAMIC_NO_PIC = NO;
				GCC_NO_COMMON_BLOCKS = YES;
				GCC_OPTIMIZATION_LEVEL = 0;
				GCC_PREPROCESSOR_DEFINITIONS = (
					"DEBUG=1",
					"$(inherited)",
				);
				GCC_WARN_64_TO_32_BIT_CONVERSION = YES;
				GCC_WARN_ABOUT_RETURN_TYPE = YES_ERROR;
				GCC_WARN_UNDECLARED_SELECTOR = YES;
				GCC_WARN_UNINITIALIZED_AUTOS = YES_AGGRESSIVE;
				GCC_WARN_UNUSED_FUNCTION = YES;
				GCC_WARN_UNUSED_VARIABLE = YES;
				IPHONEOS_DEPLOYMENT_TARGET = 11.0;
				MTL_ENABLE_DEBUG_INFO = YES;
				ONLY_ACTIVE_ARCH = YES;
				SDKROOT = iphoneos;
			};
			name = Debug;
		};
		DAD89C811F96F18700298F08 /* Release */ = {
			isa = XCBuildConfiguration;
			buildSettings = {
				ALWAYS_SEARCH_USER_PATHS = NO;
				CLANG_ANALYZER_NONNULL = YES;
				CLANG_ANALYZER_NUMBER_OBJECT_CONVERSION = YES_AGGRESSIVE;
				CLANG_CXX_LANGUAGE_STANDARD = "gnu++14";
				CLANG_CXX_LIBRARY = "libc++";
				CLANG_ENABLE_MODULES = YES;
				CLANG_ENABLE_OBJC_ARC = YES;
				CLANG_WARN_BLOCK_CAPTURE_AUTORELEASING = YES;
				CLANG_WARN_BOOL_CONVERSION = YES;
				CLANG_WARN_COMMA = YES;
				CLANG_WARN_CONSTANT_CONVERSION = YES;
				CLANG_WARN_DIRECT_OBJC_ISA_USAGE = YES_ERROR;
				CLANG_WARN_DOCUMENTATION_COMMENTS = YES;
				CLANG_WARN_EMPTY_BODY = YES;
				CLANG_WARN_ENUM_CONVERSION = YES;
				CLANG_WARN_INFINITE_RECURSION = YES;
				CLANG_WARN_INT_CONVERSION = YES;
				CLANG_WARN_NON_LITERAL_NULL_CONVERSION = YES;
				CLANG_WARN_OBJC_LITERAL_CONVERSION = YES;
				CLANG_WARN_OBJC_ROOT_CLASS = YES_ERROR;
				CLANG_WARN_RANGE_LOOP_ANALYSIS = YES;
				CLANG_WARN_STRICT_PROTOTYPES = YES;
				CLANG_WARN_SUSPICIOUS_MOVE = YES;
				CLANG_WARN_UNGUARDED_AVAILABILITY = YES_AGGRESSIVE;
				CLANG_WARN_UNREACHABLE_CODE = YES;
				CLANG_WARN__DUPLICATE_METHOD_MATCH = YES;
				CODE_SIGN_IDENTITY = "iPhone Developer";
				COPY_PHASE_STRIP = NO;
				DEBUG_INFORMATION_FORMAT = "dwarf-with-dsym";
				ENABLE_NS_ASSERTIONS = NO;
				ENABLE_STRICT_OBJC_MSGSEND = YES;
				GCC_C_LANGUAGE_STANDARD = gnu11;
				GCC_NO_COMMON_BLOCKS = YES;
				GCC_WARN_64_TO_32_BIT_CONVERSION = YES;
				GCC_WARN_ABOUT_RETURN_TYPE = YES_ERROR;
				GCC_WARN_UNDECLARED_SELECTOR = YES;
				GCC_WARN_UNINITIALIZED_AUTOS = YES_AGGRESSIVE;
				GCC_WARN_UNUSED_FUNCTION = YES;
				GCC_WARN_UNUSED_VARIABLE = YES;
				IPHONEOS_DEPLOYMENT_TARGET = 11.0;
				MTL_ENABLE_DEBUG_INFO = NO;
				SDKROOT = iphoneos;
				VALIDATE_PRODUCT = YES;
			};
			name = Release;
		};
		DAD89C831F96F18700298F08 /* Debug */ = {
			isa = XCBuildConfiguration;
			buildSettings = {
				ASSETCATALOG_COMPILER_APPICON_NAME = AppIcon;
				CODE_SIGN_STYLE = Automatic;
				DEVELOPMENT_TEAM = 9A4J75PH4A;
				INFOPLIST_FILE = SourceCapture/Info.plist;
				LD_RUNPATH_SEARCH_PATHS = "$(inherited) @executable_path/Frameworks";
				PRODUCT_BUNDLE_IDENTIFIER = com.sonirock.SourceCapture;
				PRODUCT_NAME = "$(TARGET_NAME)";
				TARGETED_DEVICE_FAMILY = "1,2";
			};
			name = Debug;
		};
		DAD89C841F96F18700298F08 /* Release */ = {
			isa = XCBuildConfiguration;
			buildSettings = {
				ASSETCATALOG_COMPILER_APPICON_NAME = AppIcon;
				CODE_SIGN_STYLE = Automatic;
				DEVELOPMENT_TEAM = 9A4J75PH4A;
				INFOPLIST_FILE = SourceCapture/Info.plist;
				LD_RUNPATH_SEARCH_PATHS = "$(inherited) @executable_path/Frameworks";
				PRODUCT_BUNDLE_IDENTIFIER = com.sonirock.SourceCapture;
				PRODUCT_NAME = "$(TARGET_NAME)";
				TARGETED_DEVICE_FAMILY = "1,2";
			};
			name = Release;
		};
/* End XCBuildConfiguration section */

/* Begin XCConfigurationList section */
		DAD89C671F96F18700298F08 /* Build configuration list for PBXProject "SourceCapture" */ = {
			isa = XCConfigurationList;
			buildConfigurations = (
				DAD89C801F96F18700298F08 /* Debug */,
				DAD89C811F96F18700298F08 /* Release */,
			);
			defaultConfigurationIsVisible = 0;
			defaultConfigurationName = Release;
		};
		DAD89C821F96F18700298F08 /* Build configuration list for PBXNativeTarget "SourceCapture" */ = {
			isa = XCConfigurationList;
			buildConfigurations = (
				DAD89C831F96F18700298F08 /* Debug */,
				DAD89C841F96F18700298F08 /* Release */,
			);
			defaultConfigurationIsVisible = 0;
			defaultConfigurationName = Release;
		};
/* End XCConfigurationList section */
	};
	rootObject = DAD89C641F96F18700298F08 /* Project object */;
}
